
Microsoft Visual Studio Solution File, Format Version 12.00
# Visual Studio Version 17
VisualStudioVersion = 17.3.32922.545
MinimumVisualStudioVersion = 10.0.40219.1
Project("{FAE04EC0-301F-11D3-BF4B-00C04F79EFBC}") = "SudukoSolver", "SudukoSolver\SudukoSolver.csproj", "{F3333AD7-A4EF-46AA-910E-48EB01F539C7}"
EndProject
Global
	GlobalSection(SolutionConfigurationPlatforms) = preSolution
		Debug|Any CPU = Debug|Any CPU
		Release|Any CPU = Release|Any CPU
	EndGlobalSection
	GlobalSection(ProjectConfigurationPlatforms) = postSolution
		{F3333AD7-A4EF-46AA-910E-48EB01F539C7}.Debug|Any CPU.ActiveCfg = Debug|Any CPU
		{F3333AD7-A4EF-46AA-910E-48EB01F539C7}.Debug|Any CPU.Build.0 = Debug|Any CPU
		{F3333AD7-A4EF-46AA-910E-48EB01F539C7}.Release|Any CPU.ActiveCfg = Release|Any CPU
		{F3333AD7-A4EF-46AA-910E-48EB01F539C7}.Release|Any CPU.Build.0 = Release|Any CPU
	EndGlobalSection
	GlobalSection(SolutionProperties) = preSolution
		HideSolutionNode = FALSE
	EndGlobalSection
	GlobalSection(ExtensibilityGlobals) = postSolution
		SolutionGuid = {561AE852-9725-4EA8-92C6-E1985403D419}
	EndGlobalSection
EndGlobal
